
Microsoft Visual Studio Solution File, Format Version 12.00
# Visual Studio Version 17
VisualStudioVersion = 17.2.32630.192
MinimumVisualStudioVersion = 10.0.40219.1
Project("{FAE04EC0-301F-11D3-BF4B-00C04F79EFBC}") = "MethodExercise", "MethodExercise.csproj", "{0E981AF5-BBD6-41BE-B25E-B2ADE33DA72C}"
EndProject
Global
	GlobalSection(SolutionConfigurationPlatforms) = preSolution
		Debug|Any CPU = Debug|Any CPU
		Release|Any CPU = Release|Any CPU
	EndGlobalSection
	GlobalSection(ProjectConfigurationPlatforms) = postSolution
		{0E981AF5-BBD6-41BE-B25E-B2ADE33DA72C}.Debug|Any CPU.ActiveCfg = Debug|Any CPU
		{0E981AF5-BBD6-41BE-B25E-B2ADE33DA72C}.Debug|Any CPU.Build.0 = Debug|Any CPU
		{0E981AF5-BBD6-41BE-B25E-B2ADE33DA72C}.Release|Any CPU.ActiveCfg = Release|Any CPU
		{0E981AF5-BBD6-41BE-B25E-B2ADE33DA72C}.Release|Any CPU.Build.0 = Release|Any CPU
	EndGlobalSection
	GlobalSection(SolutionProperties) = preSolution
		HideSolutionNode = FALSE
	EndGlobalSection
	GlobalSection(ExtensibilityGlobals) = postSolution
		SolutionGuid = {F42DE14C-BBCB-42D2-BFFB-A73A5FE163D7}
	EndGlobalSection
EndGlobal
